
Microsoft Visual Studio Solution File, Format Version 12.00
# Visual Studio Version 16
VisualStudioVersion = 16.0.29905.134
MinimumVisualStudioVersion = 10.0.40219.1
Project("{8BC9CEB8-8B4A-11D0-8D11-00A0C91BC942}") = "InjectDLL", "InjectDLL\InjectDLL.vcxproj", "{27E4221D-4017-447A-AC54-72187D94147C}"
EndProject
Project("{9A19103F-16F7-4668-BE54-9A1E7A4F7556}") = "Injector", "Injector\Injector.csproj", "{B4B37234-42BB-49FA-BA2B-7C21D3AEA6A6}"
EndProject
Project("{FAE04EC0-301F-11D3-BF4B-00C04F79EFBC}") = "RandoMainDLL", "RandoMainDLL\RandoMainDLL.csproj", "{9D9C6098-6523-46AB-B468-3C8D6A4C9F81}"
EndProject
Global
	GlobalSection(SolutionConfigurationPlatforms) = preSolution
		Debug|Any CPU = Debug|Any CPU
		Debug|x64 = Debug|x64
		Debug|x86 = Debug|x86
		Release|Any CPU = Release|Any CPU
		Release|x64 = Release|x64
		Release|x86 = Release|x86
	EndGlobalSection
	GlobalSection(ProjectConfigurationPlatforms) = postSolution
		{27E4221D-4017-447A-AC54-72187D94147C}.Debug|Any CPU.ActiveCfg = Debug|Win32
		{27E4221D-4017-447A-AC54-72187D94147C}.Debug|x64.ActiveCfg = Debug|x64
		{27E4221D-4017-447A-AC54-72187D94147C}.Debug|x64.Build.0 = Debug|x64
		{27E4221D-4017-447A-AC54-72187D94147C}.Debug|x86.ActiveCfg = Debug|Win32
		{27E4221D-4017-447A-AC54-72187D94147C}.Debug|x86.Build.0 = Debug|Win32
		{27E4221D-4017-447A-AC54-72187D94147C}.Release|Any CPU.ActiveCfg = Release|Win32
		{27E4221D-4017-447A-AC54-72187D94147C}.Release|x64.ActiveCfg = Debug|x64
		{27E4221D-4017-447A-AC54-72187D94147C}.Release|x64.Build.0 = Debug|x64
		{27E4221D-4017-447A-AC54-72187D94147C}.Release|x86.ActiveCfg = Release|Win32
		{27E4221D-4017-447A-AC54-72187D94147C}.Release|x86.Build.0 = Release|Win32
		{B4B37234-42BB-49FA-BA2B-7C21D3AEA6A6}.Debug|Any CPU.ActiveCfg = Debug|Any CPU
		{B4B37234-42BB-49FA-BA2B-7C21D3AEA6A6}.Debug|Any CPU.Build.0 = Debug|Any CPU
		{B4B37234-42BB-49FA-BA2B-7C21D3AEA6A6}.Debug|x64.ActiveCfg = Debug|Any CPU
		{B4B37234-42BB-49FA-BA2B-7C21D3AEA6A6}.Debug|x64.Build.0 = Debug|Any CPU
		{B4B37234-42BB-49FA-BA2B-7C21D3AEA6A6}.Debug|x86.ActiveCfg = Debug|Any CPU
		{B4B37234-42BB-49FA-BA2B-7C21D3AEA6A6}.Debug|x86.Build.0 = Debug|Any CPU
		{B4B37234-42BB-49FA-BA2B-7C21D3AEA6A6}.Release|Any CPU.ActiveCfg = Release|Any CPU
		{B4B37234-42BB-49FA-BA2B-7C21D3AEA6A6}.Release|Any CPU.Build.0 = Release|Any CPU
		{B4B37234-42BB-49FA-BA2B-7C21D3AEA6A6}.Release|x64.ActiveCfg = Debug|Any CPU
		{B4B37234-42BB-49FA-BA2B-7C21D3AEA6A6}.Release|x64.Build.0 = Debug|Any CPU
		{B4B37234-42BB-49FA-BA2B-7C21D3AEA6A6}.Release|x86.ActiveCfg = Release|Any CPU
		{B4B37234-42BB-49FA-BA2B-7C21D3AEA6A6}.Release|x86.Build.0 = Release|Any CPU
		{9D9C6098-6523-46AB-B468-3C8D6A4C9F81}.Debug|Any CPU.ActiveCfg = Debug|Any CPU
		{9D9C6098-6523-46AB-B468-3C8D6A4C9F81}.Debug|Any CPU.Build.0 = Debug|Any CPU
		{9D9C6098-6523-46AB-B468-3C8D6A4C9F81}.Debug|x64.ActiveCfg = Debug|Any CPU
		{9D9C6098-6523-46AB-B468-3C8D6A4C9F81}.Debug|x64.Build.0 = Debug|Any CPU
		{9D9C6098-6523-46AB-B468-3C8D6A4C9F81}.Debug|x86.ActiveCfg = Debug|Any CPU
		{9D9C6098-6523-46AB-B468-3C8D6A4C9F81}.Debug|x86.Build.0 = Debug|Any CPU
		{9D9C6098-6523-46AB-B468-3C8D6A4C9F81}.Release|Any CPU.ActiveCfg = Release|Any CPU
		{9D9C6098-6523-46AB-B468-3C8D6A4C9F81}.Release|Any CPU.Build.0 = Release|Any CPU
		{9D9C6098-6523-46AB-B468-3C8D6A4C9F81}.Release|x64.ActiveCfg = Debug|Any CPU
		{9D9C6098-6523-46AB-B468-3C8D6A4C9F81}.Release|x64.Build.0 = Debug|Any CPU
		{9D9C6098-6523-46AB-B468-3C8D6A4C9F81}.Release|x86.ActiveCfg = Release|Any CPU
		{9D9C6098-6523-46AB-B468-3C8D6A4C9F81}.Release|x86.Build.0 = Release|Any CPU
	EndGlobalSection
	GlobalSection(SolutionProperties) = preSolution
		HideSolutionNode = FALSE
	EndGlobalSection
	GlobalSection(ExtensibilityGlobals) = postSolution
		SolutionGuid = {06ECC7CD-0443-4775-BDFB-542E544E2EB6}
	EndGlobalSection
EndGlobal
