<?xml version="1.0" encoding="utf-8"?>
<Project ToolsVersion="4.0" xmlns="http://schemas.microsoft.com/developer/msbuild/2003">
  <ItemGroup>
    <Filter Include="Source Files">
      <UniqueIdentifier>{4FC737F1-C7A5-4376-A066-2A32D752A2FF}</UniqueIdentifier>
      <Extensions>cpp;c;cc;cxx;def;odl;idl;hpj;bat;asm;asmx</Extensions>
    </Filter>
    <Filter Include="Header Files">
      <UniqueIdentifier>{93995380-89BD-4b04-88EB-625FBE52EBFB}</UniqueIdentifier>
      <Extensions>h;hh;hpp;hxx;hm;inl;inc;ipp;xsd</Extensions>
    </Filter>
    <Filter Include="Resource Files">
      <UniqueIdentifier>{67DA6AB6-F800-4c08-8B7A-83BB121AAD01}</UniqueIdentifier>
      <Extensions>rc;ico;cur;bmp;dlg;rc2;rct;bin;rgs;gif;jpg;jpeg;jpe;resx;tiff;tif;png;wav;mfcribbon-ms</Extensions>
    </Filter>
  </ItemGroup>
  <ItemGroup>
    <ClInclude Include="PEModule.h">
      <Filter>Header Files</Filter>
    </ClInclude>
    <ClInclude Include="inc\detours.h">
      <Filter>Header Files</Filter>
    </ClInclude>
    <ClInclude Include="inc\detver.h">
      <Filter>Header Files</Filter>
    </ClInclude>
    <ClInclude Include="inc\syelog.h">
      <Filter>Header Files</Filter>
    </ClInclude>
    <ClInclude Include="inc\il2cpp.h">
      <Filter>Header Files</Filter>
    </ClInclude>
    <ClInclude Include="pch.h">
      <Filter>Header Files</Filter>
    </ClInclude>
    <ClInclude Include="dllmain.h">
      <Filter>Header Files</Filter>
    </ClInclude>
    <ClInclude Include="framework.h">
      <Filter>Header Files</Filter>
    </ClInclude>
    <ClInclude Include="interceptionMacros.h">
      <Filter>Header Files</Filter>
    </ClInclude>
    <ClInclude Include="common.h">
      <Filter>Header Files</Filter>
    </ClInclude>
    <ClInclude Include="src\pickups\oreInterception.h">
      <Filter>Header Files</Filter>
    </ClInclude>
    <ClInclude Include="interception.h">
      <Filter>Header Files</Filter>
    </ClInclude>
    <ClInclude Include="src\fixes\dashFixes.h">
      <Filter>Header Files</Filter>
    </ClInclude>
  </ItemGroup>
  <ItemGroup>
    <ClCompile Include="dllmain.cpp">
      <Filter>Source Files</Filter>
    </ClCompile>
    <ClCompile Include="pch.cpp">
      <Filter>Source Files</Filter>
    </ClCompile>
    <ClCompile Include="PEModule.cpp">
      <Filter>Source Files</Filter>
    </ClCompile>
    <ClCompile Include="src\pickups\healthCellInterception.cpp">
      <Filter>Source Files</Filter>
    </ClCompile>
    <ClCompile Include="src\pickups\energyCellInterception.cpp">
      <Filter>Source Files</Filter>
    </ClCompile>
    <ClCompile Include="src\pickups\spiritShardInterception.cpp">
      <Filter>Source Files</Filter>
    </ClCompile>
    <ClCompile Include="src\pickups\keystoneInterception.cpp">
      <Filter>Source Files</Filter>
    </ClCompile>
    <ClCompile Include="src\pickups\oreInterception.cpp">
      <Filter>Source Files</Filter>
    </ClCompile>
    <ClCompile Include="src\pickups\experiencePickups.cpp">
      <Filter>Source Files</Filter>
    </ClCompile>
    <ClCompile Include="interception.cpp">
      <Filter>Source Files</Filter>
    </ClCompile>
    <ClCompile Include="src\pickups\shops.cpp">
      <Filter>Source Files</Filter>
    </ClCompile>
    <ClCompile Include="src\features\messages.cpp">
      <Filter>Source Files</Filter>
    </ClCompile>
    <ClCompile Include="src\fixes\FlapFix.cpp">
      <Filter>Source Files</Filter>
    </ClCompile>
    <ClCompile Include="src\fixes\dashFixes.cpp">
      <Filter>Source Files</Filter>
    </ClCompile>
    <ClCompile Include="src\pickups\treeInterception.cpp">
      <Filter>Source Files</Filter>
    </ClCompile>
  </ItemGroup>
  <ItemGroup>
    <None Include="dll.def">
      <Filter>Source Files</Filter>
    </None>
    <None Include=".editorconfig" />
    <None Include="cpp.hint" />
  </ItemGroup>
  <ItemGroup>
    <Library Include="lib\detours.lib" />
  </ItemGroup>
</Project>